{
  "requires": true,
  "lockfileVersion": 1,
  "dependencies": {
    "@fortawesome/fontawesome-free": {
      "version": "5.4.2",
      "resolved": "https://registry.npmjs.org/@fortawesome/fontawesome-free/-/fontawesome-free-5.4.2.tgz",
      "integrity": "sha512-lpruVv/4AkKUujyzHCNJ8yOceBf7Na/pFaX52ZI/BFMCYkUEwiQ1P0viZg//+WelrNNEgvMOvCMDEDaOMZ/u1w=="
    },
    "bootstrap": {
      "version": "3.3.7",
      "resolved": "http://registry.npmjs.org/bootstrap/-/bootstrap-3.3.7.tgz",
      "integrity": "sha1-WjiTlFSfIzMIdaOxUGVldPip63E="
    },
    "es6-object-assign": {
      "version": "1.1.0",
      "resolved": "https://registry.npmjs.org/es6-object-assign/-/es6-object-assign-1.1.0.tgz",
      "integrity": "sha1-wsNYJlYkfDnqEHyx5mUrb58kUjw="
    },
    "jquery": {
      "version": "3.3.1",
      "resolved": "https://registry.npmjs.org/jquery/-/jquery-3.3.1.tgz",
      "integrity": "sha512-Ubldcmxp5np52/ENotGxlLe6aGMvmF4R8S6tZjsP6Knsaxd/xp3Zrh50cG93lR6nPXyUFwzN3ZSOQI0wRJNdGg=="
    },
    "list.js": {
      "version": "1.5.0",
      "resolved": "https://registry.npmjs.org/list.js/-/list.js-1.5.0.tgz",
      "integrity": "sha1-pMv8goHd78Av2y0wyHSL+uJfvNo=",
      "requires": {
        "string-natural-compare": "^2.0.2"
      }
    },
    "promise-polyfill": {
      "version": "6.1.0",
      "resolved": "https://registry.npmjs.org/promise-polyfill/-/promise-polyfill-6.1.0.tgz",
      "integrity": "sha1-36lpQ+qcEh/KTem1hoyznTRy4Fc="
    },
    "string-natural-compare": {
      "version": "2.0.3",
      "resolved": "https://registry.npmjs.org/string-natural-compare/-/string-natural-compare-2.0.3.tgz",
      "integrity": "sha512-4Kcl12rNjc+6EKhY8QyDVuQTAlMWwRiNbsxnVwBUKFr7dYPQuXVrtNU4sEkjF9LHY0AY6uVbB3ktbkIH4LC+BQ=="
    },
    "sweetalert": {
      "version": "2.1.1",
      "resolved": "https://registry.npmjs.org/sweetalert/-/sweetalert-2.1.1.tgz",
      "integrity": "sha512-Nu9e0K2awVYJyKAROebYGfmc8u3Pea3Tj03Yj741pSntuWngrcgamoO2+P/MFbpzhTjiL6rXclFr6UKp4AGl0g==",
      "requires": {
        "es6-object-assign": "^1.1.0",
        "promise-polyfill": "^6.0.2"
      }
    },
    "sweetalert2": {
      "version": "7.28.10",
      "resolved": "https://registry.npmjs.org/sweetalert2/-/sweetalert2-7.28.10.tgz",
      "integrity": "sha512-+h5pnfe3uPThvhhtKjuAWVoEV6PbiRgjO4RfqoVqi9CXuLY5QIRLBEanD80ONG5o9WMdXA0/Eu6R2I5LK1cOAw=="
    }
  }
}
